<?xml version="1.0" encoding="utf-8"?>
<Project ToolsVersion="4.0" xmlns="http://schemas.microsoft.com/developer/msbuild/2003">
  <ItemGroup>
    <Filter Include="ソース ファイル">
      <UniqueIdentifier>{4FC737F1-C7A5-4376-A066-2A32D752A2FF}</UniqueIdentifier>
      <Extensions>cpp;c;cc;cxx;c++;cppm;ixx;def;odl;idl;hpj;bat;asm;asmx</Extensions>
    </Filter>
    <Filter Include="ヘッダー ファイル">
      <UniqueIdentifier>{93995380-89BD-4b04-88EB-625FBE52EBFB}</UniqueIdentifier>
      <Extensions>h;hh;hpp;hxx;h++;hm;inl;inc;ipp;xsd</Extensions>
    </Filter>
    <Filter Include="リソース ファイル">
      <UniqueIdentifier>{67DA6AB6-F800-4c08-8B7A-83BB121AAD01}</UniqueIdentifier>
      <Extensions>rc;ico;cur;bmp;dlg;rc2;rct;bin;rgs;gif;jpg;jpeg;jpe;resx;tiff;tif;png;wav;mfcribbon-ms</Extensions>
    </Filter>
    <Filter Include="ソース ファイル\Scene">
      <UniqueIdentifier>{51a94e60-7417-4102-95f5-d490f7267030}</UniqueIdentifier>
    </Filter>
    <Filter Include="ソース ファイル\Chara">
      <UniqueIdentifier>{a0cce31e-f23b-484d-8e02-64084f0fae85}</UniqueIdentifier>
    </Filter>
    <Filter Include="ソース ファイル\Bullets">
      <UniqueIdentifier>{46d4c1c1-00e3-48af-a7c5-2f5c0c04cd18}</UniqueIdentifier>
    </Filter>
    <Filter Include="ソース ファイル\Item">
      <UniqueIdentifier>{e306ea41-1e61-4da3-85a8-8a4e5c3099e6}</UniqueIdentifier>
    </Filter>
    <Filter Include="ソース ファイル\z.Other">
      <UniqueIdentifier>{d2632f5c-f6a7-40cf-9de9-8000c45b87b9}</UniqueIdentifier>
    </Filter>
  </ItemGroup>
  <ItemGroup>
    <ClCompile Include="main.cpp">
      <Filter>ソース ファイル</Filter>
    </ClCompile>
    <ClCompile Include="SceneManager.cpp">
      <Filter>ソース ファイル\Scene</Filter>
    </ClCompile>
    <ClCompile Include="Scene_Title.cpp">
      <Filter>ソース ファイル\Scene</Filter>
    </ClCompile>
    <ClCompile Include="Scene_GameMain.cpp">
      <Filter>ソース ファイル\Scene</Filter>
    </ClCompile>
    <ClCompile Include="Player.cpp">
      <Filter>ソース ファイル\Chara</Filter>
    </ClCompile>
    <ClCompile Include="CharaBase.cpp">
      <Filter>ソース ファイル\Chara</Filter>
    </ClCompile>
    <ClCompile Include="BulletsBase.cpp">
      <Filter>ソース ファイル\Bullets</Filter>
    </ClCompile>
    <ClCompile Include="StraightBullets.cpp">
      <Filter>ソース ファイル\Bullets</Filter>
    </ClCompile>
    <ClCompile Include="KeyManager.cpp">
      <Filter>ソース ファイル</Filter>
    </ClCompile>
    <ClCompile Include="SphereCollider.cpp">
      <Filter>ソース ファイル</Filter>
    </ClCompile>
    <ClCompile Include="ItemBase.cpp">
      <Filter>ソース ファイル\Item</Filter>
    </ClCompile>
    <ClCompile Include="E_ITEM_TYPE.cpp">
      <Filter>ソース ファイル\Item</Filter>
    </ClCompile>
    <ClCompile Include="Recovery.cpp">
      <Filter>ソース ファイル\Item</Filter>
    </ClCompile>
    <ClCompile Include="VortexBullets.cpp">
      <Filter>ソース ファイル\Bullets</Filter>
    </ClCompile>
    <ClCompile Include="Scene_GameOver.cpp">
      <Filter>ソース ファイル\Scene</Filter>
    </ClCompile>
    <ClCompile Include="Scene_GameClear.cpp">
      <Filter>ソース ファイル\Scene</Filter>
    </ClCompile>
    <ClCompile Include="Enemy_01.cpp">
      <Filter>ソース ファイル\Chara</Filter>
    </ClCompile>
    <ClCompile Include="TakeAimBullets.cpp">
      <Filter>ソース ファイル\Bullets</Filter>
    </ClCompile>
    <ClCompile Include="Enemy_Base.cpp">
      <Filter>ソース ファイル\Chara</Filter>
    </ClCompile>
    <ClCompile Include="Enemy_00.cpp">
      <Filter>ソース ファイル\Chara</Filter>
    </ClCompile>
    <ClCompile Include="Enemy.cpp">
      <Filter>ソース ファイル\z.Other</Filter>
    </ClCompile>
    <ClCompile Include="Scene_GameMain_Stage2.cpp">
      <Filter>ソース ファイル\Scene</Filter>
    </ClCompile>
  </ItemGroup>
  <ItemGroup>
    <ClInclude Include="AbstractScene.h">
      <Filter>ソース ファイル\Scene</Filter>
    </ClInclude>
    <ClInclude Include="SceneManager.h">
      <Filter>ソース ファイル\Scene</Filter>
    </ClInclude>
    <ClInclude Include="Scene_GameMain.h">
      <Filter>ソース ファイル\Scene</Filter>
    </ClInclude>
    <ClInclude Include="Scene_Title.h">
      <Filter>ソース ファイル\Scene</Filter>
    </ClInclude>
    <ClInclude Include="common.h">
      <Filter>ソース ファイル</Filter>
    </ClInclude>
    <ClInclude Include="Player.h">
      <Filter>ソース ファイル\Chara</Filter>
    </ClInclude>
    <ClInclude Include="CharaBase.h">
      <Filter>ソース ファイル\Chara</Filter>
    </ClInclude>
    <ClInclude Include="BulletsBase.h">
      <Filter>ソース ファイル\Bullets</Filter>
    </ClInclude>
    <ClInclude Include="StraightBullets.h">
      <Filter>ソース ファイル\Bullets</Filter>
    </ClInclude>
    <ClInclude Include="KeyManager.h">
      <Filter>ソース ファイル</Filter>
    </ClInclude>
    <ClInclude Include="SphereCollider.h">
      <Filter>ソース ファイル</Filter>
    </ClInclude>
    <ClInclude Include="ItemBase.h">
      <Filter>ソース ファイル\Item</Filter>
    </ClInclude>
    <ClInclude Include="E_ITEM_TYPE.h">
      <Filter>ソース ファイル\Item</Filter>
    </ClInclude>
    <ClInclude Include="Recovery.h">
      <Filter>ソース ファイル\Item</Filter>
    </ClInclude>
    <ClInclude Include="VortexBullets.h">
      <Filter>ソース ファイル\Bullets</Filter>
    </ClInclude>
    <ClInclude Include="Scene_GameOver.h">
      <Filter>ソース ファイル\Scene</Filter>
    </ClInclude>
    <ClInclude Include="Scene_GameClear.h">
      <Filter>ソース ファイル\Scene</Filter>
    </ClInclude>
    <ClInclude Include="Enemy_01.h">
      <Filter>ソース ファイル\Chara</Filter>
    </ClInclude>
    <ClInclude Include="TakeAimBullets.h">
      <Filter>ソース ファイル\Bullets</Filter>
    </ClInclude>
    <ClInclude Include="Enemy_Base.h">
      <Filter>ソース ファイル\Chara</Filter>
    </ClInclude>
    <ClInclude Include="Enemy_00.h">
      <Filter>ソース ファイル\Chara</Filter>
    </ClInclude>
    <ClInclude Include="Enemy.h">
      <Filter>ソース ファイル\z.Other</Filter>
    </ClInclude>
    <ClInclude Include="Scene_GameMain_Stage2.h">
      <Filter>ソース ファイル\Scene</Filter>
    </ClInclude>
  </ItemGroup>
</Project>